
Microsoft Visual Studio Solution File, Format Version 12.00
# Visual Studio Version 17
VisualStudioVersion = 17.7.34031.279
MinimumVisualStudioVersion = 10.0.40219.1
Project("{FAE04EC0-301F-11D3-BF4B-00C04F79EFBC}") = "NET8Updates", "NET8Updates\NET8Updates.csproj", "{1F77B28A-C844-4ACE-AC02-F467C6CA89FA}"
EndProject
Project("{FAE04EC0-301F-11D3-BF4B-00C04F79EFBC}") = "NET8Updates.API", "NET8Updates.API\NET8Updates.API.csproj", "{5751C8EC-3E67-4C38-AFB3-AA88D4C24503}"
EndProject
Global
	GlobalSection(SolutionConfigurationPlatforms) = preSolution
		Debug|Any CPU = Debug|Any CPU
		Release|Any CPU = Release|Any CPU
	EndGlobalSection
	GlobalSection(ProjectConfigurationPlatforms) = postSolution
		{1F77B28A-C844-4ACE-AC02-F467C6CA89FA}.Debug|Any CPU.ActiveCfg = Debug|Any CPU
		{1F77B28A-C844-4ACE-AC02-F467C6CA89FA}.Debug|Any CPU.Build.0 = Debug|Any CPU
		{1F77B28A-C844-4ACE-AC02-F467C6CA89FA}.Release|Any CPU.ActiveCfg = Release|Any CPU
		{1F77B28A-C844-4ACE-AC02-F467C6CA89FA}.Release|Any CPU.Build.0 = Release|Any CPU
		{5751C8EC-3E67-4C38-AFB3-AA88D4C24503}.Debug|Any CPU.ActiveCfg = Debug|Any CPU
		{5751C8EC-3E67-4C38-AFB3-AA88D4C24503}.Debug|Any CPU.Build.0 = Debug|Any CPU
		{5751C8EC-3E67-4C38-AFB3-AA88D4C24503}.Release|Any CPU.ActiveCfg = Release|Any CPU
		{5751C8EC-3E67-4C38-AFB3-AA88D4C24503}.Release|Any CPU.Build.0 = Release|Any CPU
	EndGlobalSection
	GlobalSection(SolutionProperties) = preSolution
		HideSolutionNode = FALSE
	EndGlobalSection
	GlobalSection(ExtensibilityGlobals) = postSolution
		SolutionGuid = {36775C6F-137F-463B-A63F-9FC780C1AF14}
	EndGlobalSection
EndGlobal
